// !$*UTF8*$!
{
	archiveVersion = 1;
	classes = {
	};
	objectVersion = 46;
	objects = {

/* Begin PBXBuildFile section */
		01064F6FEB8100B8906946CE /* libPods-gold.a in Frameworks */ = {isa = PBXBuildFile; fileRef = C1B93BC0272D80B75DA37F1B /* libPods-gold.a */; };
		77A59B8C1CD49297000FE437 /* main.m in Sources */ = {isa = PBXBuildFile; fileRef = 77A59B8B1CD49297000FE437 /* main.m */; };
		77A59B8F1CD49297000FE437 /* AppDelegate.m in Sources */ = {isa = PBXBuildFile; fileRef = 77A59B8E1CD49297000FE437 /* AppDelegate.m */; };
		77A59B951CD49297000FE437 /* Main.storyboard in Resources */ = {isa = PBXBuildFile; fileRef = 77A59B931CD49297000FE437 /* Main.storyboard */; };
		77A59B971CD49297000FE437 /* Assets.xcassets in Resources */ = {isa = PBXBuildFile; fileRef = 77A59B961CD49297000FE437 /* Assets.xcassets */; };
		77A59B9A1CD49297000FE437 /* LaunchScreen.storyboard in Resources */ = {isa = PBXBuildFile; fileRef = 77A59B981CD49297000FE437 /* LaunchScreen.storyboard */; };
		77A59BA51CD49297000FE437 /* goldTests.m in Sources */ = {isa = PBXBuildFile; fileRef = 77A59BA41CD49297000FE437 /* goldTests.m */; };
		77A59BB01CD49297000FE437 /* goldUITests.m in Sources */ = {isa = PBXBuildFile; fileRef = 77A59BAF1CD49297000FE437 /* goldUITests.m */; };
		77A9E1601CD4B0BE006578C1 /* LoginViewController.m in Sources */ = {isa = PBXBuildFile; fileRef = 77A9E15F1CD4B0BE006578C1 /* LoginViewController.m */; };
		77A9E16A1CD51939006578C1 /* RankSystemManager.m in Sources */ = {isa = PBXBuildFile; fileRef = 77A9E1691CD51939006578C1 /* RankSystemManager.m */; };
		77A9E16D1CD522FA006578C1 /* Athelete.m in Sources */ = {isa = PBXBuildFile; fileRef = 77A9E16C1CD522FA006578C1 /* Athelete.m */; };
		77A9E1711CD527EF006578C1 /* SportingEventsConstants.m in Sources */ = {isa = PBXBuildFile; fileRef = 77A9E1701CD527EF006578C1 /* SportingEventsConstants.m */; };
		A046ED3F1CD574B000B509F6 /* ActivityFeedTableViewController.m in Sources */ = {isa = PBXBuildFile; fileRef = A046ED3E1CD574B000B509F6 /* ActivityFeedTableViewController.m */; };
		A046ED421CD5764500B509F6 /* FeedTableViewCell.m in Sources */ = {isa = PBXBuildFile; fileRef = A046ED411CD5764500B509F6 /* FeedTableViewCell.m */; };
		A07064B51CD4A17F0022C45C /* StopWatchViewController.m in Sources */ = {isa = PBXBuildFile; fileRef = A07064B41CD4A17F0022C45C /* StopWatchViewController.m */; };
		A07064BC1CD53BC30022C45C /* RecordTableViewCell.m in Sources */ = {isa = PBXBuildFile; fileRef = A07064BB1CD53BC30022C45C /* RecordTableViewCell.m */; };
		A07064BF1CD53BF50022C45C /* ProfileViewController.m in Sources */ = {isa = PBXBuildFile; fileRef = A07064BE1CD53BF50022C45C /* ProfileViewController.m */; };
		A07064C51CD561FB0022C45C /* UserTabBarController.m in Sources */ = {isa = PBXBuildFile; fileRef = A07064C41CD561FB0022C45C /* UserTabBarController.m */; };
		A07064C91CD5694B0022C45C /* CategoryCollectionCollectionViewController.m in Sources */ = {isa = PBXBuildFile; fileRef = A07064C81CD5694B0022C45C /* CategoryCollectionCollectionViewController.m */; };
/* End PBXBuildFile section */

/* Begin PBXContainerItemProxy section */
		77A59BA11CD49297000FE437 /* PBXContainerItemProxy */ = {
			isa = PBXContainerItemProxy;
			containerPortal = 77A59B7F1CD49296000FE437 /* Project object */;
			proxyType = 1;
			remoteGlobalIDString = 77A59B861CD49296000FE437;
			remoteInfo = gold;
		};
		77A59BAC1CD49297000FE437 /* PBXContainerItemProxy */ = {
			isa = PBXContainerItemProxy;
			containerPortal = 77A59B7F1CD49296000FE437 /* Project object */;
			proxyType = 1;
			remoteGlobalIDString = 77A59B861CD49296000FE437;
			remoteInfo = gold;
		};
/* End PBXContainerItemProxy section */

/* Begin PBXFileReference section */
		0FF9FBE4B3E623B4318A3399 /* Pods-gold.release.xcconfig */ = {isa = PBXFileReference; includeInIndex = 1; lastKnownFileType = text.xcconfig; name = "Pods-gold.release.xcconfig"; path = "Pods/Target Support Files/Pods-gold/Pods-gold.release.xcconfig"; sourceTree = "<group>"; };
		77A59B871CD49296000FE437 /* gold.app */ = {isa = PBXFileReference; explicitFileType = wrapper.application; includeInIndex = 0; path = gold.app; sourceTree = BUILT_PRODUCTS_DIR; };
		77A59B8B1CD49297000FE437 /* main.m */ = {isa = PBXFileReference; lastKnownFileType = sourcecode.c.objc; path = main.m; sourceTree = "<group>"; };
		77A59B8D1CD49297000FE437 /* AppDelegate.h */ = {isa = PBXFileReference; lastKnownFileType = sourcecode.c.h; path = AppDelegate.h; sourceTree = "<group>"; };
		77A59B8E1CD49297000FE437 /* AppDelegate.m */ = {isa = PBXFileReference; lastKnownFileType = sourcecode.c.objc; path = AppDelegate.m; sourceTree = "<group>"; };
		77A59B941CD49297000FE437 /* Base */ = {isa = PBXFileReference; lastKnownFileType = file.storyboard; name = Base; path = Base.lproj/Main.storyboard; sourceTree = "<group>"; };
		77A59B961CD49297000FE437 /* Assets.xcassets */ = {isa = PBXFileReference; lastKnownFileType = folder.assetcatalog; path = Assets.xcassets; sourceTree = "<group>"; };
		77A59B991CD49297000FE437 /* Base */ = {isa = PBXFileReference; lastKnownFileType = file.storyboard; name = Base; path = Base.lproj/LaunchScreen.storyboard; sourceTree = "<group>"; };
		77A59B9B1CD49297000FE437 /* Info.plist */ = {isa = PBXFileReference; lastKnownFileType = text.plist.xml; path = Info.plist; sourceTree = "<group>"; };
		77A59BA01CD49297000FE437 /* goldTests.xctest */ = {isa = PBXFileReference; explicitFileType = wrapper.cfbundle; includeInIndex = 0; path = goldTests.xctest; sourceTree = BUILT_PRODUCTS_DIR; };
		77A59BA41CD49297000FE437 /* goldTests.m */ = {isa = PBXFileReference; lastKnownFileType = sourcecode.c.objc; path = goldTests.m; sourceTree = "<group>"; };
		77A59BA61CD49297000FE437 /* Info.plist */ = {isa = PBXFileReference; lastKnownFileType = text.plist.xml; path = Info.plist; sourceTree = "<group>"; };
		77A59BAB1CD49297000FE437 /* goldUITests.xctest */ = {isa = PBXFileReference; explicitFileType = wrapper.cfbundle; includeInIndex = 0; path = goldUITests.xctest; sourceTree = BUILT_PRODUCTS_DIR; };
		77A59BAF1CD49297000FE437 /* goldUITests.m */ = {isa = PBXFileReference; lastKnownFileType = sourcecode.c.objc; path = goldUITests.m; sourceTree = "<group>"; };
		77A59BB11CD49297000FE437 /* Info.plist */ = {isa = PBXFileReference; lastKnownFileType = text.plist.xml; path = Info.plist; sourceTree = "<group>"; };
		77A9E15E1CD4B0BE006578C1 /* LoginViewController.h */ = {isa = PBXFileReference; fileEncoding = 4; lastKnownFileType = sourcecode.c.h; name = LoginViewController.h; path = Controllers/LoginViewController.h; sourceTree = "<group>"; };
		77A9E15F1CD4B0BE006578C1 /* LoginViewController.m */ = {isa = PBXFileReference; fileEncoding = 4; lastKnownFileType = sourcecode.c.objc; name = LoginViewController.m; path = Controllers/LoginViewController.m; sourceTree = "<group>"; };
		77A9E1681CD51939006578C1 /* RankSystemManager.h */ = {isa = PBXFileReference; fileEncoding = 4; lastKnownFileType = sourcecode.c.h; name = RankSystemManager.h; path = Managers/RankSystemManager.h; sourceTree = "<group>"; };
		77A9E1691CD51939006578C1 /* RankSystemManager.m */ = {isa = PBXFileReference; fileEncoding = 4; lastKnownFileType = sourcecode.c.objc; name = RankSystemManager.m; path = Managers/RankSystemManager.m; sourceTree = "<group>"; };
		77A9E16B1CD522FA006578C1 /* Athelete.h */ = {isa = PBXFileReference; fileEncoding = 4; lastKnownFileType = sourcecode.c.h; name = Athelete.h; path = Model/Athelete.h; sourceTree = "<group>"; };
		77A9E16C1CD522FA006578C1 /* Athelete.m */ = {isa = PBXFileReference; fileEncoding = 4; lastKnownFileType = sourcecode.c.objc; name = Athelete.m; path = Model/Athelete.m; sourceTree = "<group>"; };
		77A9E16E1CD52756006578C1 /* PrefixHeader.pch */ = {isa = PBXFileReference; fileEncoding = 4; lastKnownFileType = sourcecode.c.h; name = PrefixHeader.pch; path = "Supporting Files/PrefixHeader.pch"; sourceTree = "<group>"; };
		77A9E16F1CD527EF006578C1 /* SportingEventsConstants.h */ = {isa = PBXFileReference; fileEncoding = 4; lastKnownFileType = sourcecode.c.h; name = SportingEventsConstants.h; path = "Supporting Files/SportingEventsConstants.h"; sourceTree = "<group>"; };
		77A9E1701CD527EF006578C1 /* SportingEventsConstants.m */ = {isa = PBXFileReference; fileEncoding = 4; lastKnownFileType = sourcecode.c.objc; name = SportingEventsConstants.m; path = "Supporting Files/SportingEventsConstants.m"; sourceTree = "<group>"; };
		9331C8405173ED60DA537E07 /* Pods-gold.debug.xcconfig */ = {isa = PBXFileReference; includeInIndex = 1; lastKnownFileType = text.xcconfig; name = "Pods-gold.debug.xcconfig"; path = "Pods/Target Support Files/Pods-gold/Pods-gold.debug.xcconfig"; sourceTree = "<group>"; };
		A046ED3D1CD574B000B509F6 /* ActivityFeedTableViewController.h */ = {isa = PBXFileReference; fileEncoding = 4; lastKnownFileType = sourcecode.c.h; path = ActivityFeedTableViewController.h; sourceTree = "<group>"; };
		A046ED3E1CD574B000B509F6 /* ActivityFeedTableViewController.m */ = {isa = PBXFileReference; fileEncoding = 4; lastKnownFileType = sourcecode.c.objc; path = ActivityFeedTableViewController.m; sourceTree = "<group>"; };
		A046ED401CD5764500B509F6 /* FeedTableViewCell.h */ = {isa = PBXFileReference; fileEncoding = 4; lastKnownFileType = sourcecode.c.h; path = FeedTableViewCell.h; sourceTree = "<group>"; };
		A046ED411CD5764500B509F6 /* FeedTableViewCell.m */ = {isa = PBXFileReference; fileEncoding = 4; lastKnownFileType = sourcecode.c.objc; path = FeedTableViewCell.m; sourceTree = "<group>"; };
		A07064B31CD4A17F0022C45C /* StopWatchViewController.h */ = {isa = PBXFileReference; fileEncoding = 4; lastKnownFileType = sourcecode.c.h; path = StopWatchViewController.h; sourceTree = "<group>"; };
		A07064B41CD4A17F0022C45C /* StopWatchViewController.m */ = {isa = PBXFileReference; fileEncoding = 4; lastKnownFileType = sourcecode.c.objc; path = StopWatchViewController.m; sourceTree = "<group>"; };
		A07064BA1CD53BC30022C45C /* RecordTableViewCell.h */ = {isa = PBXFileReference; fileEncoding = 4; lastKnownFileType = sourcecode.c.h; path = RecordTableViewCell.h; sourceTree = "<group>"; };
		A07064BB1CD53BC30022C45C /* RecordTableViewCell.m */ = {isa = PBXFileReference; fileEncoding = 4; lastKnownFileType = sourcecode.c.objc; path = RecordTableViewCell.m; sourceTree = "<group>"; };
		A07064BD1CD53BF50022C45C /* ProfileViewController.h */ = {isa = PBXFileReference; fileEncoding = 4; lastKnownFileType = sourcecode.c.h; path = ProfileViewController.h; sourceTree = "<group>"; };
		A07064BE1CD53BF50022C45C /* ProfileViewController.m */ = {isa = PBXFileReference; fileEncoding = 4; lastKnownFileType = sourcecode.c.objc; path = ProfileViewController.m; sourceTree = "<group>"; };
		A07064C31CD561FB0022C45C /* UserTabBarController.h */ = {isa = PBXFileReference; fileEncoding = 4; lastKnownFileType = sourcecode.c.h; path = UserTabBarController.h; sourceTree = "<group>"; };
		A07064C41CD561FB0022C45C /* UserTabBarController.m */ = {isa = PBXFileReference; fileEncoding = 4; lastKnownFileType = sourcecode.c.objc; path = UserTabBarController.m; sourceTree = "<group>"; };
		A07064C71CD5694B0022C45C /* CategoryCollectionCollectionViewController.h */ = {isa = PBXFileReference; fileEncoding = 4; lastKnownFileType = sourcecode.c.h; path = CategoryCollectionCollectionViewController.h; sourceTree = "<group>"; };
		A07064C81CD5694B0022C45C /* CategoryCollectionCollectionViewController.m */ = {isa = PBXFileReference; fileEncoding = 4; lastKnownFileType = sourcecode.c.objc; path = CategoryCollectionCollectionViewController.m; sourceTree = "<group>"; };
		C1B93BC0272D80B75DA37F1B /* libPods-gold.a */ = {isa = PBXFileReference; explicitFileType = archive.ar; includeInIndex = 0; path = "libPods-gold.a"; sourceTree = BUILT_PRODUCTS_DIR; };
/* End PBXFileReference section */

/* Begin PBXFrameworksBuildPhase section */
		77A59B841CD49296000FE437 /* Frameworks */ = {
			isa = PBXFrameworksBuildPhase;
			buildActionMask = 2147483647;
			files = (
				01064F6FEB8100B8906946CE /* libPods-gold.a in Frameworks */,
			);
			runOnlyForDeploymentPostprocessing = 0;
		};
		77A59B9D1CD49297000FE437 /* Frameworks */ = {
			isa = PBXFrameworksBuildPhase;
			buildActionMask = 2147483647;
			files = (
			);
			runOnlyForDeploymentPostprocessing = 0;
		};
		77A59BA81CD49297000FE437 /* Frameworks */ = {
			isa = PBXFrameworksBuildPhase;
			buildActionMask = 2147483647;
			files = (
			);
			runOnlyForDeploymentPostprocessing = 0;
		};
/* End PBXFrameworksBuildPhase section */

/* Begin PBXGroup section */
		0433CE84F44D2C241531E079 /* Pods */ = {
			isa = PBXGroup;
			children = (
				9331C8405173ED60DA537E07 /* Pods-gold.debug.xcconfig */,
				0FF9FBE4B3E623B4318A3399 /* Pods-gold.release.xcconfig */,
			);
			name = Pods;
			sourceTree = "<group>";
		};
		6F87191AFF34EEA42CB786C7 /* Frameworks */ = {
			isa = PBXGroup;
			children = (
				C1B93BC0272D80B75DA37F1B /* libPods-gold.a */,
			);
			name = Frameworks;
			sourceTree = "<group>";
		};
		77A59B7E1CD49296000FE437 = {
			isa = PBXGroup;
			children = (
				77A59B891CD49296000FE437 /* gold */,
				77A59BA31CD49297000FE437 /* goldTests */,
				77A59BAE1CD49297000FE437 /* goldUITests */,
				77A59B881CD49296000FE437 /* Products */,
				0433CE84F44D2C241531E079 /* Pods */,
				6F87191AFF34EEA42CB786C7 /* Frameworks */,
			);
			sourceTree = "<group>";
		};
		77A59B881CD49296000FE437 /* Products */ = {
			isa = PBXGroup;
			children = (
				77A59B871CD49296000FE437 /* gold.app */,
				77A59BA01CD49297000FE437 /* goldTests.xctest */,
				77A59BAB1CD49297000FE437 /* goldUITests.xctest */,
			);
			name = Products;
			sourceTree = "<group>";
		};
		77A59B891CD49296000FE437 /* gold */ = {
			isa = PBXGroup;
			children = (
				A07064B11CD4A0CD0022C45C /* Controllers */,
				A07064AF1CD4A0B20022C45C /* Model */,
				A07064B01CD4A0C60022C45C /* Views */,
				77A59B8D1CD49297000FE437 /* AppDelegate.h */,
				77A59B8E1CD49297000FE437 /* AppDelegate.m */,
				77A59B931CD49297000FE437 /* Main.storyboard */,
				77A59B961CD49297000FE437 /* Assets.xcassets */,
				77A59B981CD49297000FE437 /* LaunchScreen.storyboard */,
				77A59B9B1CD49297000FE437 /* Info.plist */,
				77A59B8A1CD49296000FE437 /* Supporting Files */,
			);
			path = gold;
			sourceTree = "<group>";
		};
		77A59B8A1CD49296000FE437 /* Supporting Files */ = {
			isa = PBXGroup;
			children = (
				77A9E16E1CD52756006578C1 /* PrefixHeader.pch */,
				77A9E16F1CD527EF006578C1 /* SportingEventsConstants.h */,
				77A9E1701CD527EF006578C1 /* SportingEventsConstants.m */,
				A07064B21CD4A0E20022C45C /* Managers */,
				77A59B8B1CD49297000FE437 /* main.m */,
			);
			name = "Supporting Files";
			sourceTree = "<group>";
		};
		77A59BA31CD49297000FE437 /* goldTests */ = {
			isa = PBXGroup;
			children = (
				77A59BA41CD49297000FE437 /* goldTests.m */,
				77A59BA61CD49297000FE437 /* Info.plist */,
			);
			path = goldTests;
			sourceTree = "<group>";
		};
		77A59BAE1CD49297000FE437 /* goldUITests */ = {
			isa = PBXGroup;
			children = (
				77A59BAF1CD49297000FE437 /* goldUITests.m */,
				77A59BB11CD49297000FE437 /* Info.plist */,
			);
			path = goldUITests;
			sourceTree = "<group>";
		};
		A07064AF1CD4A0B20022C45C /* Model */ = {
			isa = PBXGroup;
			children = (
				77A9E16B1CD522FA006578C1 /* Athelete.h */,
				77A9E16C1CD522FA006578C1 /* Athelete.m */,
			);
			name = Model;
			sourceTree = "<group>";
		};
		A07064B01CD4A0C60022C45C /* Views */ = {
			isa = PBXGroup;
			children = (
				A07064BA1CD53BC30022C45C /* RecordTableViewCell.h */,
				A07064BB1CD53BC30022C45C /* RecordTableViewCell.m */,
				A046ED401CD5764500B509F6 /* FeedTableViewCell.h */,
				A046ED411CD5764500B509F6 /* FeedTableViewCell.m */,
			);
			name = Views;
			sourceTree = "<group>";
		};
		A07064B11CD4A0CD0022C45C /* Controllers */ = {
			isa = PBXGroup;
			children = (
				A07064C31CD561FB0022C45C /* UserTabBarController.h */,
				A07064C41CD561FB0022C45C /* UserTabBarController.m */,
				A07064B31CD4A17F0022C45C /* StopWatchViewController.h */,
				A07064B41CD4A17F0022C45C /* StopWatchViewController.m */,
				77A9E15E1CD4B0BE006578C1 /* LoginViewController.h */,
				77A9E15F1CD4B0BE006578C1 /* LoginViewController.m */,
				A07064BD1CD53BF50022C45C /* ProfileViewController.h */,
				A07064BE1CD53BF50022C45C /* ProfileViewController.m */,
				A07064C71CD5694B0022C45C /* CategoryCollectionCollectionViewController.h */,
				A07064C81CD5694B0022C45C /* CategoryCollectionCollectionViewController.m */,
				A046ED3D1CD574B000B509F6 /* ActivityFeedTableViewController.h */,
				A046ED3E1CD574B000B509F6 /* ActivityFeedTableViewController.m */,
			);
			name = Controllers;
			sourceTree = "<group>";
		};
		A07064B21CD4A0E20022C45C /* Managers */ = {
			isa = PBXGroup;
			children = (
				77A9E1681CD51939006578C1 /* RankSystemManager.h */,
				77A9E1691CD51939006578C1 /* RankSystemManager.m */,
			);
			name = Managers;
			sourceTree = "<group>";
		};
/* End PBXGroup section */

/* Begin PBXNativeTarget section */
		77A59B861CD49296000FE437 /* gold */ = {
			isa = PBXNativeTarget;
			buildConfigurationList = 77A59BB41CD49297000FE437 /* Build configuration list for PBXNativeTarget "gold" */;
			buildPhases = (
				DA4562CA077D25CA6C5D4BA4 /* Check Pods Manifest.lock */,
				77A59B831CD49296000FE437 /* Sources */,
				77A59B841CD49296000FE437 /* Frameworks */,
				77A59B851CD49296000FE437 /* Resources */,
				ABAF37604E14552622AC60B6 /* Embed Pods Frameworks */,
				41254D2855059A1ECF47FB6C /* Copy Pods Resources */,
			);
			buildRules = (
			);
			dependencies = (
			);
			name = gold;
			productName = gold;
			productReference = 77A59B871CD49296000FE437 /* gold.app */;
			productType = "com.apple.product-type.application";
		};
		77A59B9F1CD49297000FE437 /* goldTests */ = {
			isa = PBXNativeTarget;
			buildConfigurationList = 77A59BB71CD49297000FE437 /* Build configuration list for PBXNativeTarget "goldTests" */;
			buildPhases = (
				77A59B9C1CD49297000FE437 /* Sources */,
				77A59B9D1CD49297000FE437 /* Frameworks */,
				77A59B9E1CD49297000FE437 /* Resources */,
			);
			buildRules = (
			);
			dependencies = (
				77A59BA21CD49297000FE437 /* PBXTargetDependency */,
			);
			name = goldTests;
			productName = goldTests;
			productReference = 77A59BA01CD49297000FE437 /* goldTests.xctest */;
			productType = "com.apple.product-type.bundle.unit-test";
		};
		77A59BAA1CD49297000FE437 /* goldUITests */ = {
			isa = PBXNativeTarget;
			buildConfigurationList = 77A59BBA1CD49297000FE437 /* Build configuration list for PBXNativeTarget "goldUITests" */;
			buildPhases = (
				77A59BA71CD49297000FE437 /* Sources */,
				77A59BA81CD49297000FE437 /* Frameworks */,
				77A59BA91CD49297000FE437 /* Resources */,
			);
			buildRules = (
			);
			dependencies = (
				77A59BAD1CD49297000FE437 /* PBXTargetDependency */,
			);
			name = goldUITests;
			productName = goldUITests;
			productReference = 77A59BAB1CD49297000FE437 /* goldUITests.xctest */;
			productType = "com.apple.product-type.bundle.ui-testing";
		};
/* End PBXNativeTarget section */

/* Begin PBXProject section */
		77A59B7F1CD49296000FE437 /* Project object */ = {
			isa = PBXProject;
			attributes = {
				LastUpgradeCheck = 0730;
				ORGANIZATIONNAME = lahacks2016;
				TargetAttributes = {
					77A59B861CD49296000FE437 = {
						CreatedOnToolsVersion = 7.3;
					};
					77A59B9F1CD49297000FE437 = {
						CreatedOnToolsVersion = 7.3;
						TestTargetID = 77A59B861CD49296000FE437;
					};
					77A59BAA1CD49297000FE437 = {
						CreatedOnToolsVersion = 7.3;
						TestTargetID = 77A59B861CD49296000FE437;
					};
				};
			};
			buildConfigurationList = 77A59B821CD49296000FE437 /* Build configuration list for PBXProject "gold" */;
			compatibilityVersion = "Xcode 3.2";
			developmentRegion = English;
			hasScannedForEncodings = 0;
			knownRegions = (
				en,
				Base,
			);
			mainGroup = 77A59B7E1CD49296000FE437;
			productRefGroup = 77A59B881CD49296000FE437 /* Products */;
			projectDirPath = "";
			projectRoot = "";
			targets = (
				77A59B861CD49296000FE437 /* gold */,
				77A59B9F1CD49297000FE437 /* goldTests */,
				77A59BAA1CD49297000FE437 /* goldUITests */,
			);
		};
/* End PBXProject section */

/* Begin PBXResourcesBuildPhase section */
		77A59B851CD49296000FE437 /* Resources */ = {
			isa = PBXResourcesBuildPhase;
			buildActionMask = 2147483647;
			files = (
				77A59B9A1CD49297000FE437 /* LaunchScreen.storyboard in Resources */,
				77A59B971CD49297000FE437 /* Assets.xcassets in Resources */,
				77A59B951CD49297000FE437 /* Main.storyboard in Resources */,
			);
			runOnlyForDeploymentPostprocessing = 0;
		};
		77A59B9E1CD49297000FE437 /* Resources */ = {
			isa = PBXResourcesBuildPhase;
			buildActionMask = 2147483647;
			files = (
			);
			runOnlyForDeploymentPostprocessing = 0;
		};
		77A59BA91CD49297000FE437 /* Resources */ = {
			isa = PBXResourcesBuildPhase;
			buildActionMask = 2147483647;
			files = (
			);
			runOnlyForDeploymentPostprocessing = 0;
		};
/* End PBXResourcesBuildPhase section */

/* Begin PBXShellScriptBuildPhase section */
		41254D2855059A1ECF47FB6C /* Copy Pods Resources */ = {
			isa = PBXShellScriptBuildPhase;
			buildActionMask = 2147483647;
			files = (
			);
			inputPaths = (
			);
			name = "Copy Pods Resources";
			outputPaths = (
			);
			runOnlyForDeploymentPostprocessing = 0;
			shellPath = /bin/sh;
			shellScript = "\"${SRCROOT}/Pods/Target Support Files/Pods-gold/Pods-gold-resources.sh\"\n";
			showEnvVarsInLog = 0;
		};
		ABAF37604E14552622AC60B6 /* Embed Pods Frameworks */ = {
			isa = PBXShellScriptBuildPhase;
			buildActionMask = 2147483647;
			files = (
			);
			inputPaths = (
			);
			name = "Embed Pods Frameworks";
			outputPaths = (
			);
			runOnlyForDeploymentPostprocessing = 0;
			shellPath = /bin/sh;
			shellScript = "\"${SRCROOT}/Pods/Target Support Files/Pods-gold/Pods-gold-frameworks.sh\"\n";
			showEnvVarsInLog = 0;
		};
		DA4562CA077D25CA6C5D4BA4 /* Check Pods Manifest.lock */ = {
			isa = PBXShellScriptBuildPhase;
			buildActionMask = 2147483647;
			files = (
			);
			inputPaths = (
			);
			name = "Check Pods Manifest.lock";
			outputPaths = (
			);
			runOnlyForDeploymentPostprocessing = 0;
			shellPath = /bin/sh;
			shellScript = "diff \"${PODS_ROOT}/../Podfile.lock\" \"${PODS_ROOT}/Manifest.lock\" > /dev/null\nif [[ $? != 0 ]] ; then\n    cat << EOM\nerror: The sandbox is not in sync with the Podfile.lock. Run 'pod install' or update your CocoaPods installation.\nEOM\n    exit 1\nfi\n";
			showEnvVarsInLog = 0;
		};
/* End PBXShellScriptBuildPhase section */

/* Begin PBXSourcesBuildPhase section */
		77A59B831CD49296000FE437 /* Sources */ = {
			isa = PBXSourcesBuildPhase;
			buildActionMask = 2147483647;
			files = (
				A07064C91CD5694B0022C45C /* CategoryCollectionCollectionViewController.m in Sources */,
				A07064B51CD4A17F0022C45C /* StopWatchViewController.m in Sources */,
				77A9E16D1CD522FA006578C1 /* Athelete.m in Sources */,
				A046ED421CD5764500B509F6 /* FeedTableViewCell.m in Sources */,
				A07064BC1CD53BC30022C45C /* RecordTableViewCell.m in Sources */,
				A07064BF1CD53BF50022C45C /* ProfileViewController.m in Sources */,
				A07064C51CD561FB0022C45C /* UserTabBarController.m in Sources */,
				77A9E16A1CD51939006578C1 /* RankSystemManager.m in Sources */,
				77A9E1711CD527EF006578C1 /* SportingEventsConstants.m in Sources */,
				A046ED3F1CD574B000B509F6 /* ActivityFeedTableViewController.m in Sources */,
				77A59B8F1CD49297000FE437 /* AppDelegate.m in Sources */,
				77A59B8C1CD49297000FE437 /* main.m in Sources */,
				77A9E1601CD4B0BE006578C1 /* LoginViewController.m in Sources */,
			);
			runOnlyForDeploymentPostprocessing = 0;
		};
		77A59B9C1CD49297000FE437 /* Sources */ = {
			isa = PBXSourcesBuildPhase;
			buildActionMask = 2147483647;
			files = (
				77A59BA51CD49297000FE437 /* goldTests.m in Sources */,
			);
			runOnlyForDeploymentPostprocessing = 0;
		};
		77A59BA71CD49297000FE437 /* Sources */ = {
			isa = PBXSourcesBuildPhase;
			buildActionMask = 2147483647;
			files = (
				77A59BB01CD49297000FE437 /* goldUITests.m in Sources */,
			);
			runOnlyForDeploymentPostprocessing = 0;
		};
/* End PBXSourcesBuildPhase section */

/* Begin PBXTargetDependency section */
		77A59BA21CD49297000FE437 /* PBXTargetDependency */ = {
			isa = PBXTargetDependency;
			target = 77A59B861CD49296000FE437 /* gold */;
			targetProxy = 77A59BA11CD49297000FE437 /* PBXContainerItemProxy */;
		};
		77A59BAD1CD49297000FE437 /* PBXTargetDependency */ = {
			isa = PBXTargetDependency;
			target = 77A59B861CD49296000FE437 /* gold */;
			targetProxy = 77A59BAC1CD49297000FE437 /* PBXContainerItemProxy */;
		};
/* End PBXTargetDependency section */

/* Begin PBXVariantGroup section */
		77A59B931CD49297000FE437 /* Main.storyboard */ = {
			isa = PBXVariantGroup;
			children = (
				77A59B941CD49297000FE437 /* Base */,
			);
			name = Main.storyboard;
			sourceTree = "<group>";
		};
		77A59B981CD49297000FE437 /* LaunchScreen.storyboard */ = {
			isa = PBXVariantGroup;
			children = (
				77A59B991CD49297000FE437 /* Base */,
			);
			name = LaunchScreen.storyboard;
			sourceTree = "<group>";
		};
/* End PBXVariantGroup section */

/* Begin XCBuildConfiguration section */
		77A59BB21CD49297000FE437 /* Debug */ = {
			isa = XCBuildConfiguration;
			buildSettings = {
				ALWAYS_SEARCH_USER_PATHS = NO;
				CLANG_ANALYZER_NONNULL = YES;
				CLANG_CXX_LANGUAGE_STANDARD = "gnu++0x";
				CLANG_CXX_LIBRARY = "libc++";
				CLANG_ENABLE_MODULES = YES;
				CLANG_ENABLE_OBJC_ARC = YES;
				CLANG_WARN_BOOL_CONVERSION = YES;
				CLANG_WARN_CONSTANT_CONVERSION = YES;
				CLANG_WARN_DIRECT_OBJC_ISA_USAGE = YES_ERROR;
				CLANG_WARN_EMPTY_BODY = YES;
				CLANG_WARN_ENUM_CONVERSION = YES;
				CLANG_WARN_INT_CONVERSION = YES;
				CLANG_WARN_OBJC_ROOT_CLASS = YES_ERROR;
				CLANG_WARN_UNREACHABLE_CODE = YES;
				CLANG_WARN__DUPLICATE_METHOD_MATCH = YES;
				"CODE_SIGN_IDENTITY[sdk=iphoneos*]" = "iPhone Developer";
				COPY_PHASE_STRIP = NO;
				DEBUG_INFORMATION_FORMAT = dwarf;
				ENABLE_STRICT_OBJC_MSGSEND = YES;
				ENABLE_TESTABILITY = YES;
				GCC_C_LANGUAGE_STANDARD = gnu99;
				GCC_DYNAMIC_NO_PIC = NO;
				GCC_NO_COMMON_BLOCKS = YES;
				GCC_OPTIMIZATION_LEVEL = 0;
				GCC_PREPROCESSOR_DEFINITIONS = (
					"DEBUG=1",
					"$(inherited)",
				);
				GCC_WARN_64_TO_32_BIT_CONVERSION = YES;
				GCC_WARN_ABOUT_RETURN_TYPE = YES_ERROR;
				GCC_WARN_UNDECLARED_SELECTOR = YES;
				GCC_WARN_UNINITIALIZED_AUTOS = YES_AGGRESSIVE;
				GCC_WARN_UNUSED_FUNCTION = YES;
				GCC_WARN_UNUSED_VARIABLE = YES;
				IPHONEOS_DEPLOYMENT_TARGET = 9.3;
				MTL_ENABLE_DEBUG_INFO = YES;
				ONLY_ACTIVE_ARCH = YES;
				SDKROOT = iphoneos;
				TARGETED_DEVICE_FAMILY = "1,2";
			};
			name = Debug;
		};
		77A59BB31CD49297000FE437 /* Release */ = {
			isa = XCBuildConfiguration;
			buildSettings = {
				ALWAYS_SEARCH_USER_PATHS = NO;
				CLANG_ANALYZER_NONNULL = YES;
				CLANG_CXX_LANGUAGE_STANDARD = "gnu++0x";
				CLANG_CXX_LIBRARY = "libc++";
				CLANG_ENABLE_MODULES = YES;
				CLANG_ENABLE_OBJC_ARC = YES;
				CLANG_WARN_BOOL_CONVERSION = YES;
				CLANG_WARN_CONSTANT_CONVERSION = YES;
				CLANG_WARN_DIRECT_OBJC_ISA_USAGE = YES_ERROR;
				CLANG_WARN_EMPTY_BODY = YES;
				CLANG_WARN_ENUM_CONVERSION = YES;
				CLANG_WARN_INT_CONVERSION = YES;
				CLANG_WARN_OBJC_ROOT_CLASS = YES_ERROR;
				CLANG_WARN_UNREACHABLE_CODE = YES;
				CLANG_WARN__DUPLICATE_METHOD_MATCH = YES;
				"CODE_SIGN_IDENTITY[sdk=iphoneos*]" = "iPhone Developer";
				COPY_PHASE_STRIP = NO;
				DEBUG_INFORMATION_FORMAT = "dwarf-with-dsym";
				ENABLE_NS_ASSERTIONS = NO;
				ENABLE_STRICT_OBJC_MSGSEND = YES;
				GCC_C_LANGUAGE_STANDARD = gnu99;
				GCC_NO_COMMON_BLOCKS = YES;
				GCC_WARN_64_TO_32_BIT_CONVERSION = YES;
				GCC_WARN_ABOUT_RETURN_TYPE = YES_ERROR;
				GCC_WARN_UNDECLARED_SELECTOR = YES;
				GCC_WARN_UNINITIALIZED_AUTOS = YES_AGGRESSIVE;
				GCC_WARN_UNUSED_FUNCTION = YES;
				GCC_WARN_UNUSED_VARIABLE = YES;
				IPHONEOS_DEPLOYMENT_TARGET = 9.3;
				MTL_ENABLE_DEBUG_INFO = NO;
				SDKROOT = iphoneos;
				TARGETED_DEVICE_FAMILY = "1,2";
				VALIDATE_PRODUCT = YES;
			};
			name = Release;
		};
		77A59BB51CD49297000FE437 /* Debug */ = {
			isa = XCBuildConfiguration;
			baseConfigurationReference = 9331C8405173ED60DA537E07 /* Pods-gold.debug.xcconfig */;
			buildSettings = {
				ASSETCATALOG_COMPILER_APPICON_NAME = AppIcon;
				FRAMEWORK_SEARCH_PATHS = (
					"$(inherited)",
					"$(PROJECT_DIR)/gold",
				);
				INFOPLIST_FILE = gold/Info.plist;
				IPHONEOS_DEPLOYMENT_TARGET = 9.0;
				LD_RUNPATH_SEARCH_PATHS = "$(inherited) @executable_path/Frameworks";
				PRODUCT_BUNDLE_IDENTIFIER = lahacks2016.gold;
				PRODUCT_NAME = "$(TARGET_NAME)";
			};
			name = Debug;
		};
		77A59BB61CD49297000FE437 /* Release */ = {
			isa = XCBuildConfiguration;
			baseConfigurationReference = 0FF9FBE4B3E623B4318A3399 /* Pods-gold.release.xcconfig */;
			buildSettings = {
				ASSETCATALOG_COMPILER_APPICON_NAME = AppIcon;
				FRAMEWORK_SEARCH_PATHS = (
					"$(inherited)",
					"$(PROJECT_DIR)/gold",
				);
				INFOPLIST_FILE = gold/Info.plist;
				IPHONEOS_DEPLOYMENT_TARGET = 9.0;
				LD_RUNPATH_SEARCH_PATHS = "$(inherited) @executable_path/Frameworks";
				PRODUCT_BUNDLE_IDENTIFIER = lahacks2016.gold;
				PRODUCT_NAME = "$(TARGET_NAME)";
			};
			name = Release;
		};
		77A59BB81CD49297000FE437 /* Debug */ = {
			isa = XCBuildConfiguration;
			buildSettings = {
				BUNDLE_LOADER = "$(TEST_HOST)";
				INFOPLIST_FILE = goldTests/Info.plist;
				LD_RUNPATH_SEARCH_PATHS = "$(inherited) @executable_path/Frameworks @loader_path/Frameworks";
				PRODUCT_BUNDLE_IDENTIFIER = lahacks2016.goldTests;
				PRODUCT_NAME = "$(TARGET_NAME)";
				TEST_HOST = "$(BUILT_PRODUCTS_DIR)/gold.app/gold";
			};
			name = Debug;
		};
		77A59BB91CD49297000FE437 /* Release */ = {
			isa = XCBuildConfiguration;
			buildSettings = {
				BUNDLE_LOADER = "$(TEST_HOST)";
				INFOPLIST_FILE = goldTests/Info.plist;
				LD_RUNPATH_SEARCH_PATHS = "$(inherited) @executable_path/Frameworks @loader_path/Frameworks";
				PRODUCT_BUNDLE_IDENTIFIER = lahacks2016.goldTests;
				PRODUCT_NAME = "$(TARGET_NAME)";
				TEST_HOST = "$(BUILT_PRODUCTS_DIR)/gold.app/gold";
			};
			name = Release;
		};
		77A59BBB1CD49297000FE437 /* Debug */ = {
			isa = XCBuildConfiguration;
			buildSettings = {
				INFOPLIST_FILE = goldUITests/Info.plist;
				LD_RUNPATH_SEARCH_PATHS = "$(inherited) @executable_path/Frameworks @loader_path/Frameworks";
				PRODUCT_BUNDLE_IDENTIFIER = lahacks2016.goldUITests;
				PRODUCT_NAME = "$(TARGET_NAME)";
				TEST_TARGET_NAME = gold;
			};
			name = Debug;
		};
		77A59BBC1CD49297000FE437 /* Release */ = {
			isa = XCBuildConfiguration;
			buildSettings = {
				INFOPLIST_FILE = goldUITests/Info.plist;
				LD_RUNPATH_SEARCH_PATHS = "$(inherited) @executable_path/Frameworks @loader_path/Frameworks";
				PRODUCT_BUNDLE_IDENTIFIER = lahacks2016.goldUITests;
				PRODUCT_NAME = "$(TARGET_NAME)";
				TEST_TARGET_NAME = gold;
			};
			name = Release;
		};
/* End XCBuildConfiguration section */

/* Begin XCConfigurationList section */
		77A59B821CD49296000FE437 /* Build configuration list for PBXProject "gold" */ = {
			isa = XCConfigurationList;
			buildConfigurations = (
				77A59BB21CD49297000FE437 /* Debug */,
				77A59BB31CD49297000FE437 /* Release */,
			);
			defaultConfigurationIsVisible = 0;
			defaultConfigurationName = Release;
		};
		77A59BB41CD49297000FE437 /* Build configuration list for PBXNativeTarget "gold" */ = {
			isa = XCConfigurationList;
			buildConfigurations = (
				77A59BB51CD49297000FE437 /* Debug */,
				77A59BB61CD49297000FE437 /* Release */,
			);
			defaultConfigurationIsVisible = 0;
			defaultConfigurationName = Release;
		};
		77A59BB71CD49297000FE437 /* Build configuration list for PBXNativeTarget "goldTests" */ = {
			isa = XCConfigurationList;
			buildConfigurations = (
				77A59BB81CD49297000FE437 /* Debug */,
				77A59BB91CD49297000FE437 /* Release */,
			);
			defaultConfigurationIsVisible = 0;
			defaultConfigurationName = Release;
		};
		77A59BBA1CD49297000FE437 /* Build configuration list for PBXNativeTarget "goldUITests" */ = {
			isa = XCConfigurationList;
			buildConfigurations = (
				77A59BBB1CD49297000FE437 /* Debug */,
				77A59BBC1CD49297000FE437 /* Release */,
			);
			defaultConfigurationIsVisible = 0;
			defaultConfigurationName = Release;
		};
/* End XCConfigurationList section */
	};
	rootObject = 77A59B7F1CD49296000FE437 /* Project object */;
}
